// !$*UTF8*$!
{
	archiveVersion = 1;
	classes = {
	};
	objectVersion = 56;
	objects = {

/* Begin PBXBuildFile section */
		768714DB2994612900655D0D /* main.swift in Sources */ = {isa = PBXBuildFile; fileRef = 768714DA2994612900655D0D /* main.swift */; };
		768714E3299461A800655D0D /* Antiphony in Frameworks */ = {isa = PBXBuildFile; productRef = 768714E2299461A800655D0D /* Antiphony */; };
		768714E6299461C900655D0D /* ArgumentParser in Frameworks */ = {isa = PBXBuildFile; productRef = 768714E5299461C900655D0D /* ArgumentParser */; };
		768714E829946A1B00655D0D /* Wreath.swift in Sources */ = {isa = PBXBuildFile; fileRef = 768714E729946A1B00655D0D /* Wreath.swift */; };
		768714EA29946AD400655D0D /* TransportConfig.swift in Sources */ = {isa = PBXBuildFile; fileRef = 768714E929946AD400655D0D /* TransportConfig.swift */; };
		768714ED29946DC000655D0D /* ShadowSwift in Frameworks */ = {isa = PBXBuildFile; productRef = 768714EC29946DC000655D0D /* ShadowSwift */; };
		768714F32994729300655D0D /* WreathMessages.swift in Sources */ = {isa = PBXBuildFile; fileRef = 768714F12994729300655D0D /* WreathMessages.swift */; };
		768714F42994729300655D0D /* WreathServer.swift in Sources */ = {isa = PBXBuildFile; fileRef = 768714F22994729300655D0D /* WreathServer.swift */; };
/* End PBXBuildFile section */

/* Begin PBXCopyFilesBuildPhase section */
		768714D52994612900655D0D /* CopyFiles */ = {
			isa = PBXCopyFilesBuildPhase;
			buildActionMask = 2147483647;
			dstPath = /usr/share/man/man1/;
			dstSubfolderSpec = 0;
			files = (
			);
			runOnlyForDeploymentPostprocessing = 1;
		};
/* End PBXCopyFilesBuildPhase section */

/* Begin PBXFileReference section */
		768714D72994612900655D0D /* Wreath */ = {isa = PBXFileReference; explicitFileType = "compiled.mach-o.executable"; includeInIndex = 0; path = Wreath; sourceTree = BUILT_PRODUCTS_DIR; };
		768714DA2994612900655D0D /* main.swift */ = {isa = PBXFileReference; lastKnownFileType = sourcecode.swift; path = main.swift; sourceTree = "<group>"; };
		768714E729946A1B00655D0D /* Wreath.swift */ = {isa = PBXFileReference; lastKnownFileType = sourcecode.swift; path = Wreath.swift; sourceTree = "<group>"; };
		768714E929946AD400655D0D /* TransportConfig.swift */ = {isa = PBXFileReference; lastKnownFileType = sourcecode.swift; path = TransportConfig.swift; sourceTree = "<group>"; };
		768714F12994729300655D0D /* WreathMessages.swift */ = {isa = PBXFileReference; fileEncoding = 4; lastKnownFileType = sourcecode.swift; path = WreathMessages.swift; sourceTree = "<group>"; };
		768714F22994729300655D0D /* WreathServer.swift */ = {isa = PBXFileReference; fileEncoding = 4; lastKnownFileType = sourcecode.swift; path = WreathServer.swift; sourceTree = "<group>"; };
/* End PBXFileReference section */

/* Begin PBXFrameworksBuildPhase section */
		768714D42994612900655D0D /* Frameworks */ = {
			isa = PBXFrameworksBuildPhase;
			buildActionMask = 2147483647;
			files = (
				768714E6299461C900655D0D /* ArgumentParser in Frameworks */,
				768714E3299461A800655D0D /* Antiphony in Frameworks */,
				768714ED29946DC000655D0D /* ShadowSwift in Frameworks */,
			);
			runOnlyForDeploymentPostprocessing = 0;
		};
/* End PBXFrameworksBuildPhase section */

/* Begin PBXGroup section */
		768714CE2994612900655D0D = {
			isa = PBXGroup;
			children = (
				768714D92994612900655D0D /* Wreath */,
				768714D82994612900655D0D /* Products */,
			);
			sourceTree = "<group>";
		};
		768714D82994612900655D0D /* Products */ = {
			isa = PBXGroup;
			children = (
				768714D72994612900655D0D /* Wreath */,
			);
			name = Products;
			sourceTree = "<group>";
		};
		768714D92994612900655D0D /* Wreath */ = {
			isa = PBXGroup;
			children = (
				768714F12994729300655D0D /* WreathMessages.swift */,
				768714F22994729300655D0D /* WreathServer.swift */,
				768714DA2994612900655D0D /* main.swift */,
				768714E729946A1B00655D0D /* Wreath.swift */,
				768714E929946AD400655D0D /* TransportConfig.swift */,
			);
			path = Wreath;
			sourceTree = "<group>";
		};
/* End PBXGroup section */

/* Begin PBXNativeTarget section */
		768714D62994612900655D0D /* Wreath */ = {
			isa = PBXNativeTarget;
			buildConfigurationList = 768714DE2994612900655D0D /* Build configuration list for PBXNativeTarget "Wreath" */;
			buildPhases = (
				768714D32994612900655D0D /* Sources */,
				768714D42994612900655D0D /* Frameworks */,
				768714D52994612900655D0D /* CopyFiles */,
			);
			buildRules = (
			);
			dependencies = (
			);
			name = Wreath;
			packageProductDependencies = (
				768714E2299461A800655D0D /* Antiphony */,
				768714E5299461C900655D0D /* ArgumentParser */,
				768714EC29946DC000655D0D /* ShadowSwift */,
			);
			productName = Wreath;
			productReference = 768714D72994612900655D0D /* Wreath */;
			productType = "com.apple.product-type.tool";
		};
/* End PBXNativeTarget section */

/* Begin PBXProject section */
		768714CF2994612900655D0D /* Project object */ = {
			isa = PBXProject;
			attributes = {
				BuildIndependentTargetsInParallel = 1;
				LastSwiftUpdateCheck = 1420;
				LastUpgradeCheck = 1420;
				TargetAttributes = {
					768714D62994612900655D0D = {
						CreatedOnToolsVersion = 14.2;
					};
				};
			};
			buildConfigurationList = 768714D22994612900655D0D /* Build configuration list for PBXProject "Wreath" */;
			compatibilityVersion = "Xcode 14.0";
			developmentRegion = en;
			hasScannedForEncodings = 0;
			knownRegions = (
				en,
				Base,
			);
			mainGroup = 768714CE2994612900655D0D;
			packageReferences = (
				768714E1299461A800655D0D /* XCRemoteSwiftPackageReference "Antiphony" */,
				768714E4299461C900655D0D /* XCRemoteSwiftPackageReference "swift-argument-parser" */,
				768714EB29946DBF00655D0D /* XCRemoteSwiftPackageReference "ShadowSwift" */,
			);
			productRefGroup = 768714D82994612900655D0D /* Products */;
			projectDirPath = "";
			projectRoot = "";
			targets = (
				768714D62994612900655D0D /* Wreath */,
			);
		};
/* End PBXProject section */

/* Begin PBXSourcesBuildPhase section */
		768714D32994612900655D0D /* Sources */ = {
			isa = PBXSourcesBuildPhase;
			buildActionMask = 2147483647;
			files = (
				768714EA29946AD400655D0D /* TransportConfig.swift in Sources */,
				768714F42994729300655D0D /* WreathServer.swift in Sources */,
				768714E829946A1B00655D0D /* Wreath.swift in Sources */,
				768714F32994729300655D0D /* WreathMessages.swift in Sources */,
				768714DB2994612900655D0D /* main.swift in Sources */,
			);
			runOnlyForDeploymentPostprocessing = 0;
		};
/* End PBXSourcesBuildPhase section */

/* Begin XCBuildConfiguration section */
		768714DC2994612900655D0D /* Debug */ = {
			isa = XCBuildConfiguration;
			buildSettings = {
				ALWAYS_SEARCH_USER_PATHS = NO;
				CLANG_ANALYZER_NONNULL = YES;
				CLANG_ANALYZER_NUMBER_OBJECT_CONVERSION = YES_AGGRESSIVE;
				CLANG_CXX_LANGUAGE_STANDARD = "gnu++20";
				CLANG_ENABLE_MODULES = YES;
				CLANG_ENABLE_OBJC_ARC = YES;
				CLANG_ENABLE_OBJC_WEAK = YES;
				CLANG_WARN_BLOCK_CAPTURE_AUTORELEASING = YES;
				CLANG_WARN_BOOL_CONVERSION = YES;
				CLANG_WARN_COMMA = YES;
				CLANG_WARN_CONSTANT_CONVERSION = YES;
				CLANG_WARN_DEPRECATED_OBJC_IMPLEMENTATIONS = YES;
				CLANG_WARN_DIRECT_OBJC_ISA_USAGE = YES_ERROR;
				CLANG_WARN_DOCUMENTATION_COMMENTS = YES;
				CLANG_WARN_EMPTY_BODY = YES;
				CLANG_WARN_ENUM_CONVERSION = YES;
				CLANG_WARN_INFINITE_RECURSION = YES;
				CLANG_WARN_INT_CONVERSION = YES;
				CLANG_WARN_NON_LITERAL_NULL_CONVERSION = YES;
				CLANG_WARN_OBJC_IMPLICIT_RETAIN_SELF = YES;
				CLANG_WARN_OBJC_LITERAL_CONVERSION = YES;
				CLANG_WARN_OBJC_ROOT_CLASS = YES_ERROR;
				CLANG_WARN_QUOTED_INCLUDE_IN_FRAMEWORK_HEADER = YES;
				CLANG_WARN_RANGE_LOOP_ANALYSIS = YES;
				CLANG_WARN_STRICT_PROTOTYPES = YES;
				CLANG_WARN_SUSPICIOUS_MOVE = YES;
				CLANG_WARN_UNGUARDED_AVAILABILITY = YES_AGGRESSIVE;
				CLANG_WARN_UNREACHABLE_CODE = YES;
				CLANG_WARN__DUPLICATE_METHOD_MATCH = YES;
				COPY_PHASE_STRIP = NO;
				DEBUG_INFORMATION_FORMAT = dwarf;
				ENABLE_STRICT_OBJC_MSGSEND = YES;
				ENABLE_TESTABILITY = YES;
				GCC_C_LANGUAGE_STANDARD = gnu11;
				GCC_DYNAMIC_NO_PIC = NO;
				GCC_NO_COMMON_BLOCKS = YES;
				GCC_OPTIMIZATION_LEVEL = 0;
				GCC_PREPROCESSOR_DEFINITIONS = (
					"DEBUG=1",
					"$(inherited)",
				);
				GCC_WARN_64_TO_32_BIT_CONVERSION = YES;
				GCC_WARN_ABOUT_RETURN_TYPE = YES_ERROR;
				GCC_WARN_UNDECLARED_SELECTOR = YES;
				GCC_WARN_UNINITIALIZED_AUTOS = YES_AGGRESSIVE;
				GCC_WARN_UNUSED_FUNCTION = YES;
				GCC_WARN_UNUSED_VARIABLE = YES;
				MACOSX_DEPLOYMENT_TARGET = 13.0;
				MTL_ENABLE_DEBUG_INFO = INCLUDE_SOURCE;
				MTL_FAST_MATH = YES;
				ONLY_ACTIVE_ARCH = YES;
				SDKROOT = macosx;
				SWIFT_ACTIVE_COMPILATION_CONDITIONS = DEBUG;
				SWIFT_OPTIMIZATION_LEVEL = "-Onone";
			};
			name = Debug;
		};
		768714DD2994612900655D0D /* Release */ = {
			isa = XCBuildConfiguration;
			buildSettings = {
				ALWAYS_SEARCH_USER_PATHS = NO;
				CLANG_ANALYZER_NONNULL = YES;
				CLANG_ANALYZER_NUMBER_OBJECT_CONVERSION = YES_AGGRESSIVE;
				CLANG_CXX_LANGUAGE_STANDARD = "gnu++20";
				CLANG_ENABLE_MODULES = YES;
				CLANG_ENABLE_OBJC_ARC = YES;
				CLANG_ENABLE_OBJC_WEAK = YES;
				CLANG_WARN_BLOCK_CAPTURE_AUTORELEASING = YES;
				CLANG_WARN_BOOL_CONVERSION = YES;
				CLANG_WARN_COMMA = YES;
				CLANG_WARN_CONSTANT_CONVERSION = YES;
				CLANG_WARN_DEPRECATED_OBJC_IMPLEMENTATIONS = YES;
				CLANG_WARN_DIRECT_OBJC_ISA_USAGE = YES_ERROR;
				CLANG_WARN_DOCUMENTATION_COMMENTS = YES;
				CLANG_WARN_EMPTY_BODY = YES;
				CLANG_WARN_ENUM_CONVERSION = YES;
				CLANG_WARN_INFINITE_RECURSION = YES;
				CLANG_WARN_INT_CONVERSION = YES;
				CLANG_WARN_NON_LITERAL_NULL_CONVERSION = YES;
				CLANG_WARN_OBJC_IMPLICIT_RETAIN_SELF = YES;
				CLANG_WARN_OBJC_LITERAL_CONVERSION = YES;
				CLANG_WARN_OBJC_ROOT_CLASS = YES_ERROR;
				CLANG_WARN_QUOTED_INCLUDE_IN_FRAMEWORK_HEADER = YES;
				CLANG_WARN_RANGE_LOOP_ANALYSIS = YES;
				CLANG_WARN_STRICT_PROTOTYPES = YES;
				CLANG_WARN_SUSPICIOUS_MOVE = YES;
				CLANG_WARN_UNGUARDED_AVAILABILITY = YES_AGGRESSIVE;
				CLANG_WARN_UNREACHABLE_CODE = YES;
				CLANG_WARN__DUPLICATE_METHOD_MATCH = YES;
				COPY_PHASE_STRIP = NO;
				DEBUG_INFORMATION_FORMAT = "dwarf-with-dsym";
				ENABLE_NS_ASSERTIONS = NO;
				ENABLE_STRICT_OBJC_MSGSEND = YES;
				GCC_C_LANGUAGE_STANDARD = gnu11;
				GCC_NO_COMMON_BLOCKS = YES;
				GCC_WARN_64_TO_32_BIT_CONVERSION = YES;
				GCC_WARN_ABOUT_RETURN_TYPE = YES_ERROR;
				GCC_WARN_UNDECLARED_SELECTOR = YES;
				GCC_WARN_UNINITIALIZED_AUTOS = YES_AGGRESSIVE;
				GCC_WARN_UNUSED_FUNCTION = YES;
				GCC_WARN_UNUSED_VARIABLE = YES;
				MACOSX_DEPLOYMENT_TARGET = 13.0;
				MTL_ENABLE_DEBUG_INFO = NO;
				MTL_FAST_MATH = YES;
				SDKROOT = macosx;
				SWIFT_COMPILATION_MODE = wholemodule;
				SWIFT_OPTIMIZATION_LEVEL = "-O";
			};
			name = Release;
		};
		768714DF2994612900655D0D /* Debug */ = {
			isa = XCBuildConfiguration;
			buildSettings = {
				CODE_SIGN_STYLE = Automatic;
				DEVELOPMENT_TEAM = 67Y4NSLDQ3;
				ENABLE_HARDENED_RUNTIME = YES;
				PRODUCT_NAME = "$(TARGET_NAME)";
				SWIFT_VERSION = 5.0;
			};
			name = Debug;
		};
		768714E02994612900655D0D /* Release */ = {
			isa = XCBuildConfiguration;
			buildSettings = {
				CODE_SIGN_STYLE = Automatic;
				DEVELOPMENT_TEAM = 67Y4NSLDQ3;
				ENABLE_HARDENED_RUNTIME = YES;
				PRODUCT_NAME = "$(TARGET_NAME)";
				SWIFT_VERSION = 5.0;
			};
			name = Release;
		};
/* End XCBuildConfiguration section */

/* Begin XCConfigurationList section */
		768714D22994612900655D0D /* Build configuration list for PBXProject "Wreath" */ = {
			isa = XCConfigurationList;
			buildConfigurations = (
				768714DC2994612900655D0D /* Debug */,
				768714DD2994612900655D0D /* Release */,
			);
			defaultConfigurationIsVisible = 0;
			defaultConfigurationName = Release;
		};
		768714DE2994612900655D0D /* Build configuration list for PBXNativeTarget "Wreath" */ = {
			isa = XCConfigurationList;
			buildConfigurations = (
				768714DF2994612900655D0D /* Debug */,
				768714E02994612900655D0D /* Release */,
			);
			defaultConfigurationIsVisible = 0;
			defaultConfigurationName = Release;
		};
/* End XCConfigurationList section */

/* Begin XCRemoteSwiftPackageReference section */
		768714E1299461A800655D0D /* XCRemoteSwiftPackageReference "Antiphony" */ = {
			isa = XCRemoteSwiftPackageReference;
			repositoryURL = "https://github.com/OperatorFoundation/Antiphony.git";
			requirement = {
				branch = main;
				kind = branch;
			};
		};
		768714E4299461C900655D0D /* XCRemoteSwiftPackageReference "swift-argument-parser" */ = {
			isa = XCRemoteSwiftPackageReference;
			repositoryURL = "https://github.com/apple/swift-argument-parser.git";
			requirement = {
				kind = upToNextMajorVersion;
				minimumVersion = 1.0.0;
			};
		};
		768714EB29946DBF00655D0D /* XCRemoteSwiftPackageReference "ShadowSwift" */ = {
			isa = XCRemoteSwiftPackageReference;
			repositoryURL = "https://github.com/OperatorFoundation/ShadowSwift.git";
			requirement = {
				branch = main;
				kind = branch;
			};
		};
/* End XCRemoteSwiftPackageReference section */

/* Begin XCSwiftPackageProductDependency section */
		768714E2299461A800655D0D /* Antiphony */ = {
			isa = XCSwiftPackageProductDependency;
			package = 768714E1299461A800655D0D /* XCRemoteSwiftPackageReference "Antiphony" */;
			productName = Antiphony;
		};
		768714E5299461C900655D0D /* ArgumentParser */ = {
			isa = XCSwiftPackageProductDependency;
			package = 768714E4299461C900655D0D /* XCRemoteSwiftPackageReference "swift-argument-parser" */;
			productName = ArgumentParser;
		};
		768714EC29946DC000655D0D /* ShadowSwift */ = {
			isa = XCSwiftPackageProductDependency;
			package = 768714EB29946DBF00655D0D /* XCRemoteSwiftPackageReference "ShadowSwift" */;
			productName = ShadowSwift;
		};
/* End XCSwiftPackageProductDependency section */
	};
	rootObject = 768714CF2994612900655D0D /* Project object */;
}
